
Microsoft Visual Studio Solution File, Format Version 12.00
# Visual Studio Version 17
VisualStudioVersion = 17.6.33829.357
MinimumVisualStudioVersion = 10.0.40219.1
Project("{FAE04EC0-301F-11D3-BF4B-00C04F79EFBC}") = "Section02", "Section02.csproj", "{D8E6A317-927D-4F12-8BD0-0B2039788C87}"
EndProject
Global
	GlobalSection(SolutionConfigurationPlatforms) = preSolution
		Debug|Any CPU = Debug|Any CPU
		Release|Any CPU = Release|Any CPU
	EndGlobalSection
	GlobalSection(ProjectConfigurationPlatforms) = postSolution
		{D8E6A317-927D-4F12-8BD0-0B2039788C87}.Debug|Any CPU.ActiveCfg = Debug|Any CPU
		{D8E6A317-927D-4F12-8BD0-0B2039788C87}.Debug|Any CPU.Build.0 = Debug|Any CPU
		{D8E6A317-927D-4F12-8BD0-0B2039788C87}.Release|Any CPU.ActiveCfg = Release|Any CPU
		{D8E6A317-927D-4F12-8BD0-0B2039788C87}.Release|Any CPU.Build.0 = Release|Any CPU
	EndGlobalSection
	GlobalSection(SolutionProperties) = preSolution
		HideSolutionNode = FALSE
	EndGlobalSection
	GlobalSection(ExtensibilityGlobals) = postSolution
		SolutionGuid = {86F2A3CB-A775-4F69-AC61-57506DD1A174}
	EndGlobalSection
EndGlobal
